// !$*UTF8*$!
{
	archiveVersion = 1;
	classes = {
	};
	objectVersion = 56;
	objects = {

/* Begin PBXBuildFile section */
		87413B2A2B60C999003068CD /* AppDelegate.swift in Sources */ = {isa = PBXBuildFile; fileRef = 87413B292B60C999003068CD /* AppDelegate.swift */; };
		87413B2C2B60C999003068CD /* SceneDelegate.swift in Sources */ = {isa = PBXBuildFile; fileRef = 87413B2B2B60C999003068CD /* SceneDelegate.swift */; };
		87413B2E2B60C999003068CD /* ViewController.swift in Sources */ = {isa = PBXBuildFile; fileRef = 87413B2D2B60C999003068CD /* ViewController.swift */; };
		87413B312B60C999003068CD /* Main.storyboard in Resources */ = {isa = PBXBuildFile; fileRef = 87413B2F2B60C999003068CD /* Main.storyboard */; };
		87413B332B60C99A003068CD /* Assets.xcassets in Resources */ = {isa = PBXBuildFile; fileRef = 87413B322B60C99A003068CD /* Assets.xcassets */; };
		87413B362B60C99A003068CD /* LaunchScreen.storyboard in Resources */ = {isa = PBXBuildFile; fileRef = 87413B342B60C99A003068CD /* LaunchScreen.storyboard */; };
		87413B3F2B60CE66003068CD /* bach.jpg in Resources */ = {isa = PBXBuildFile; fileRef = 87413B3D2B60CE66003068CD /* bach.jpg */; };
		87413B402B60CE66003068CD /* sheep.mp3 in Resources */ = {isa = PBXBuildFile; fileRef = 87413B3E2B60CE66003068CD /* sheep.mp3 */; };
/* End PBXBuildFile section */

/* Begin PBXFileReference section */
		87413B262B60C999003068CD /* Back to batch.app */ = {isa = PBXFileReference; explicitFileType = wrapper.application; includeInIndex = 0; path = "Back to batch.app"; sourceTree = BUILT_PRODUCTS_DIR; };
		87413B292B60C999003068CD /* AppDelegate.swift */ = {isa = PBXFileReference; lastKnownFileType = sourcecode.swift; path = AppDelegate.swift; sourceTree = "<group>"; };
		87413B2B2B60C999003068CD /* SceneDelegate.swift */ = {isa = PBXFileReference; lastKnownFileType = sourcecode.swift; path = SceneDelegate.swift; sourceTree = "<group>"; };
		87413B2D2B60C999003068CD /* ViewController.swift */ = {isa = PBXFileReference; lastKnownFileType = sourcecode.swift; path = ViewController.swift; sourceTree = "<group>"; };
		87413B302B60C999003068CD /* Base */ = {isa = PBXFileReference; lastKnownFileType = file.storyboard; name = Base; path = Base.lproj/Main.storyboard; sourceTree = "<group>"; };
		87413B322B60C99A003068CD /* Assets.xcassets */ = {isa = PBXFileReference; lastKnownFileType = folder.assetcatalog; path = Assets.xcassets; sourceTree = "<group>"; };
		87413B352B60C99A003068CD /* Base */ = {isa = PBXFileReference; lastKnownFileType = file.storyboard; name = Base; path = Base.lproj/LaunchScreen.storyboard; sourceTree = "<group>"; };
		87413B372B60C99A003068CD /* Info.plist */ = {isa = PBXFileReference; lastKnownFileType = text.plist.xml; path = Info.plist; sourceTree = "<group>"; };
		87413B3D2B60CE66003068CD /* bach.jpg */ = {isa = PBXFileReference; lastKnownFileType = image.jpeg; name = bach.jpg; path = ../../../../../Downloads/bach.jpg; sourceTree = "<group>"; };
		87413B3E2B60CE66003068CD /* sheep.mp3 */ = {isa = PBXFileReference; lastKnownFileType = audio.mp3; name = sheep.mp3; path = ../../../../../Downloads/sheep.mp3; sourceTree = "<group>"; };
/* End PBXFileReference section */

/* Begin PBXFrameworksBuildPhase section */
		87413B232B60C999003068CD /* Frameworks */ = {
			isa = PBXFrameworksBuildPhase;
			buildActionMask = 2147483647;
			files = (
			);
			runOnlyForDeploymentPostprocessing = 0;
		};
/* End PBXFrameworksBuildPhase section */

/* Begin PBXGroup section */
		87413B1D2B60C999003068CD = {
			isa = PBXGroup;
			children = (
				87413B282B60C999003068CD /* Back to batch */,
				87413B272B60C999003068CD /* Products */,
			);
			sourceTree = "<group>";
		};
		87413B272B60C999003068CD /* Products */ = {
			isa = PBXGroup;
			children = (
				87413B262B60C999003068CD /* Back to batch.app */,
			);
			name = Products;
			sourceTree = "<group>";
		};
		87413B282B60C999003068CD /* Back to batch */ = {
			isa = PBXGroup;
			children = (
				87413B292B60C999003068CD /* AppDelegate.swift */,
				87413B2B2B60C999003068CD /* SceneDelegate.swift */,
				87413B2D2B60C999003068CD /* ViewController.swift */,
				87413B2F2B60C999003068CD /* Main.storyboard */,
				87413B322B60C99A003068CD /* Assets.xcassets */,
				87413B342B60C99A003068CD /* LaunchScreen.storyboard */,
				87413B372B60C99A003068CD /* Info.plist */,
				87413B3D2B60CE66003068CD /* bach.jpg */,
				87413B3E2B60CE66003068CD /* sheep.mp3 */,
			);
			path = "Back to batch";
			sourceTree = "<group>";
		};
/* End PBXGroup section */

/* Begin PBXNativeTarget section */
		87413B252B60C999003068CD /* Back to batch */ = {
			isa = PBXNativeTarget;
			buildConfigurationList = 87413B3A2B60C99A003068CD /* Build configuration list for PBXNativeTarget "Back to batch" */;
			buildPhases = (
				87413B222B60C999003068CD /* Sources */,
				87413B232B60C999003068CD /* Frameworks */,
				87413B242B60C999003068CD /* Resources */,
			);
			buildRules = (
			);
			dependencies = (
			);
			name = "Back to batch";
			productName = "Back to batch";
			productReference = 87413B262B60C999003068CD /* Back to batch.app */;
			productType = "com.apple.product-type.application";
		};
/* End PBXNativeTarget section */

/* Begin PBXProject section */
		87413B1E2B60C999003068CD /* Project object */ = {
			isa = PBXProject;
			attributes = {
				BuildIndependentTargetsInParallel = 1;
				LastSwiftUpdateCheck = 1430;
				LastUpgradeCheck = 1430;
				TargetAttributes = {
					87413B252B60C999003068CD = {
						CreatedOnToolsVersion = 14.3.1;
					};
				};
			};
			buildConfigurationList = 87413B212B60C999003068CD /* Build configuration list for PBXProject "Back to batch" */;
			compatibilityVersion = "Xcode 14.0";
			developmentRegion = en;
			hasScannedForEncodings = 0;
			knownRegions = (
				en,
				Base,
			);
			mainGroup = 87413B1D2B60C999003068CD;
			productRefGroup = 87413B272B60C999003068CD /* Products */;
			projectDirPath = "";
			projectRoot = "";
			targets = (
				87413B252B60C999003068CD /* Back to batch */,
			);
		};
/* End PBXProject section */

/* Begin PBXResourcesBuildPhase section */
		87413B242B60C999003068CD /* Resources */ = {
			isa = PBXResourcesBuildPhase;
			buildActionMask = 2147483647;
			files = (
				87413B402B60CE66003068CD /* sheep.mp3 in Resources */,
				87413B362B60C99A003068CD /* LaunchScreen.storyboard in Resources */,
				87413B3F2B60CE66003068CD /* bach.jpg in Resources */,
				87413B332B60C99A003068CD /* Assets.xcassets in Resources */,
				87413B312B60C999003068CD /* Main.storyboard in Resources */,
			);
			runOnlyForDeploymentPostprocessing = 0;
		};
/* End PBXResourcesBuildPhase section */

/* Begin PBXSourcesBuildPhase section */
		87413B222B60C999003068CD /* Sources */ = {
			isa = PBXSourcesBuildPhase;
			buildActionMask = 2147483647;
			files = (
				87413B2E2B60C999003068CD /* ViewController.swift in Sources */,
				87413B2A2B60C999003068CD /* AppDelegate.swift in Sources */,
				87413B2C2B60C999003068CD /* SceneDelegate.swift in Sources */,
			);
			runOnlyForDeploymentPostprocessing = 0;
		};
/* End PBXSourcesBuildPhase section */

/* Begin PBXVariantGroup section */
		87413B2F2B60C999003068CD /* Main.storyboard */ = {
			isa = PBXVariantGroup;
			children = (
				87413B302B60C999003068CD /* Base */,
			);
			name = Main.storyboard;
			sourceTree = "<group>";
		};
		87413B342B60C99A003068CD /* LaunchScreen.storyboard */ = {
			isa = PBXVariantGroup;
			children = (
				87413B352B60C99A003068CD /* Base */,
			);
			name = LaunchScreen.storyboard;
			sourceTree = "<group>";
		};
/* End PBXVariantGroup section */

/* Begin XCBuildConfiguration section */
		87413B382B60C99A003068CD /* Debug */ = {
			isa = XCBuildConfiguration;
			buildSettings = {
				ALWAYS_SEARCH_USER_PATHS = NO;
				CLANG_ANALYZER_NONNULL = YES;
				CLANG_ANALYZER_NUMBER_OBJECT_CONVERSION = YES_AGGRESSIVE;
				CLANG_CXX_LANGUAGE_STANDARD = "gnu++20";
				CLANG_ENABLE_MODULES = YES;
				CLANG_ENABLE_OBJC_ARC = YES;
				CLANG_ENABLE_OBJC_WEAK = YES;
				CLANG_WARN_BLOCK_CAPTURE_AUTORELEASING = YES;
				CLANG_WARN_BOOL_CONVERSION = YES;
				CLANG_WARN_COMMA = YES;
				CLANG_WARN_CONSTANT_CONVERSION = YES;
				CLANG_WARN_DEPRECATED_OBJC_IMPLEMENTATIONS = YES;
				CLANG_WARN_DIRECT_OBJC_ISA_USAGE = YES_ERROR;
				CLANG_WARN_DOCUMENTATION_COMMENTS = YES;
				CLANG_WARN_EMPTY_BODY = YES;
				CLANG_WARN_ENUM_CONVERSION = YES;
				CLANG_WARN_INFINITE_RECURSION = YES;
				CLANG_WARN_INT_CONVERSION = YES;
				CLANG_WARN_NON_LITERAL_NULL_CONVERSION = YES;
				CLANG_WARN_OBJC_IMPLICIT_RETAIN_SELF = YES;
				CLANG_WARN_OBJC_LITERAL_CONVERSION = YES;
				CLANG_WARN_OBJC_ROOT_CLASS = YES_ERROR;
				CLANG_WARN_QUOTED_INCLUDE_IN_FRAMEWORK_HEADER = YES;
				CLANG_WARN_RANGE_LOOP_ANALYSIS = YES;
				CLANG_WARN_STRICT_PROTOTYPES = YES;
				CLANG_WARN_SUSPICIOUS_MOVE = YES;
				CLANG_WARN_UNGUARDED_AVAILABILITY = YES_AGGRESSIVE;
				CLANG_WARN_UNREACHABLE_CODE = YES;
				CLANG_WARN__DUPLICATE_METHOD_MATCH = YES;
				COPY_PHASE_STRIP = NO;
				DEBUG_INFORMATION_FORMAT = dwarf;
				ENABLE_STRICT_OBJC_MSGSEND = YES;
				ENABLE_TESTABILITY = YES;
				GCC_C_LANGUAGE_STANDARD = gnu11;
				GCC_DYNAMIC_NO_PIC = NO;
				GCC_NO_COMMON_BLOCKS = YES;
				GCC_OPTIMIZATION_LEVEL = 0;
				GCC_PREPROCESSOR_DEFINITIONS = (
					"DEBUG=1",
					"$(inherited)",
				);
				GCC_WARN_64_TO_32_BIT_CONVERSION = YES;
				GCC_WARN_ABOUT_RETURN_TYPE = YES_ERROR;
				GCC_WARN_UNDECLARED_SELECTOR = YES;
				GCC_WARN_UNINITIALIZED_AUTOS = YES_AGGRESSIVE;
				GCC_WARN_UNUSED_FUNCTION = YES;
				GCC_WARN_UNUSED_VARIABLE = YES;
				IPHONEOS_DEPLOYMENT_TARGET = 16.4;
				MTL_ENABLE_DEBUG_INFO = INCLUDE_SOURCE;
				MTL_FAST_MATH = YES;
				ONLY_ACTIVE_ARCH = YES;
				SDKROOT = iphoneos;
				SWIFT_ACTIVE_COMPILATION_CONDITIONS = DEBUG;
				SWIFT_OPTIMIZATION_LEVEL = "-Onone";
			};
			name = Debug;
		};
		87413B392B60C99A003068CD /* Release */ = {
			isa = XCBuildConfiguration;
			buildSettings = {
				ALWAYS_SEARCH_USER_PATHS = NO;
				CLANG_ANALYZER_NONNULL = YES;
				CLANG_ANALYZER_NUMBER_OBJECT_CONVERSION = YES_AGGRESSIVE;
				CLANG_CXX_LANGUAGE_STANDARD = "gnu++20";
				CLANG_ENABLE_MODULES = YES;
				CLANG_ENABLE_OBJC_ARC = YES;
				CLANG_ENABLE_OBJC_WEAK = YES;
				CLANG_WARN_BLOCK_CAPTURE_AUTORELEASING = YES;
				CLANG_WARN_BOOL_CONVERSION = YES;
				CLANG_WARN_COMMA = YES;
				CLANG_WARN_CONSTANT_CONVERSION = YES;
				CLANG_WARN_DEPRECATED_OBJC_IMPLEMENTATIONS = YES;
				CLANG_WARN_DIRECT_OBJC_ISA_USAGE = YES_ERROR;
				CLANG_WARN_DOCUMENTATION_COMMENTS = YES;
				CLANG_WARN_EMPTY_BODY = YES;
				CLANG_WARN_ENUM_CONVERSION = YES;
				CLANG_WARN_INFINITE_RECURSION = YES;
				CLANG_WARN_INT_CONVERSION = YES;
				CLANG_WARN_NON_LITERAL_NULL_CONVERSION = YES;
				CLANG_WARN_OBJC_IMPLICIT_RETAIN_SELF = YES;
				CLANG_WARN_OBJC_LITERAL_CONVERSION = YES;
				CLANG_WARN_OBJC_ROOT_CLASS = YES_ERROR;
				CLANG_WARN_QUOTED_INCLUDE_IN_FRAMEWORK_HEADER = YES;
				CLANG_WARN_RANGE_LOOP_ANALYSIS = YES;
				CLANG_WARN_STRICT_PROTOTYPES = YES;
				CLANG_WARN_SUSPICIOUS_MOVE = YES;
				CLANG_WARN_UNGUARDED_AVAILABILITY = YES_AGGRESSIVE;
				CLANG_WARN_UNREACHABLE_CODE = YES;
				CLANG_WARN__DUPLICATE_METHOD_MATCH = YES;
				COPY_PHASE_STRIP = NO;
				DEBUG_INFORMATION_FORMAT = "dwarf-with-dsym";
				ENABLE_NS_ASSERTIONS = NO;
				ENABLE_STRICT_OBJC_MSGSEND = YES;
				GCC_C_LANGUAGE_STANDARD = gnu11;
				GCC_NO_COMMON_BLOCKS = YES;
				GCC_WARN_64_TO_32_BIT_CONVERSION = YES;
				GCC_WARN_ABOUT_RETURN_TYPE = YES_ERROR;
				GCC_WARN_UNDECLARED_SELECTOR = YES;
				GCC_WARN_UNINITIALIZED_AUTOS = YES_AGGRESSIVE;
				GCC_WARN_UNUSED_FUNCTION = YES;
				GCC_WARN_UNUSED_VARIABLE = YES;
				IPHONEOS_DEPLOYMENT_TARGET = 16.4;
				MTL_ENABLE_DEBUG_INFO = NO;
				MTL_FAST_MATH = YES;
				SDKROOT = iphoneos;
				SWIFT_COMPILATION_MODE = wholemodule;
				SWIFT_OPTIMIZATION_LEVEL = "-O";
				VALIDATE_PRODUCT = YES;
			};
			name = Release;
		};
		87413B3B2B60C99A003068CD /* Debug */ = {
			isa = XCBuildConfiguration;
			buildSettings = {
				ASSETCATALOG_COMPILER_APPICON_NAME = AppIcon;
				ASSETCATALOG_COMPILER_GLOBAL_ACCENT_COLOR_NAME = AccentColor;
				CODE_SIGN_STYLE = Automatic;
				CURRENT_PROJECT_VERSION = 1;
				DEVELOPMENT_TEAM = V295X7TJF4;
				GENERATE_INFOPLIST_FILE = YES;
				INFOPLIST_FILE = "Back to batch/Info.plist";
				INFOPLIST_KEY_UIApplicationSupportsIndirectInputEvents = YES;
				INFOPLIST_KEY_UILaunchStoryboardName = LaunchScreen;
				INFOPLIST_KEY_UIMainStoryboardFile = Main;
				INFOPLIST_KEY_UISupportedInterfaceOrientations_iPad = "UIInterfaceOrientationPortrait UIInterfaceOrientationPortraitUpsideDown UIInterfaceOrientationLandscapeLeft UIInterfaceOrientationLandscapeRight";
				INFOPLIST_KEY_UISupportedInterfaceOrientations_iPhone = "UIInterfaceOrientationPortrait UIInterfaceOrientationLandscapeLeft UIInterfaceOrientationLandscapeRight";
				LD_RUNPATH_SEARCH_PATHS = (
					"$(inherited)",
					"@executable_path/Frameworks",
				);
				MARKETING_VERSION = 1.0;
				PRODUCT_BUNDLE_IDENTIFIER = "com.ajin.Back-to-batch";
				PRODUCT_NAME = "$(TARGET_NAME)";
				SWIFT_EMIT_LOC_STRINGS = YES;
				SWIFT_VERSION = 5.0;
				TARGETED_DEVICE_FAMILY = "1,2";
			};
			name = Debug;
		};
		87413B3C2B60C99A003068CD /* Release */ = {
			isa = XCBuildConfiguration;
			buildSettings = {
				ASSETCATALOG_COMPILER_APPICON_NAME = AppIcon;
				ASSETCATALOG_COMPILER_GLOBAL_ACCENT_COLOR_NAME = AccentColor;
				CODE_SIGN_STYLE = Automatic;
				CURRENT_PROJECT_VERSION = 1;
				DEVELOPMENT_TEAM = V295X7TJF4;
				GENERATE_INFOPLIST_FILE = YES;
				INFOPLIST_FILE = "Back to batch/Info.plist";
				INFOPLIST_KEY_UIApplicationSupportsIndirectInputEvents = YES;
				INFOPLIST_KEY_UILaunchStoryboardName = LaunchScreen;
				INFOPLIST_KEY_UIMainStoryboardFile = Main;
				INFOPLIST_KEY_UISupportedInterfaceOrientations_iPad = "UIInterfaceOrientationPortrait UIInterfaceOrientationPortraitUpsideDown UIInterfaceOrientationLandscapeLeft UIInterfaceOrientationLandscapeRight";
				INFOPLIST_KEY_UISupportedInterfaceOrientations_iPhone = "UIInterfaceOrientationPortrait UIInterfaceOrientationLandscapeLeft UIInterfaceOrientationLandscapeRight";
				LD_RUNPATH_SEARCH_PATHS = (
					"$(inherited)",
					"@executable_path/Frameworks",
				);
				MARKETING_VERSION = 1.0;
				PRODUCT_BUNDLE_IDENTIFIER = "com.ajin.Back-to-batch";
				PRODUCT_NAME = "$(TARGET_NAME)";
				SWIFT_EMIT_LOC_STRINGS = YES;
				SWIFT_VERSION = 5.0;
				TARGETED_DEVICE_FAMILY = "1,2";
			};
			name = Release;
		};
/* End XCBuildConfiguration section */

/* Begin XCConfigurationList section */
		87413B212B60C999003068CD /* Build configuration list for PBXProject "Back to batch" */ = {
			isa = XCConfigurationList;
			buildConfigurations = (
				87413B382B60C99A003068CD /* Debug */,
				87413B392B60C99A003068CD /* Release */,
			);
			defaultConfigurationIsVisible = 0;
			defaultConfigurationName = Release;
		};
		87413B3A2B60C99A003068CD /* Build configuration list for PBXNativeTarget "Back to batch" */ = {
			isa = XCConfigurationList;
			buildConfigurations = (
				87413B3B2B60C99A003068CD /* Debug */,
				87413B3C2B60C99A003068CD /* Release */,
			);
			defaultConfigurationIsVisible = 0;
			defaultConfigurationName = Release;
		};
/* End XCConfigurationList section */
	};
	rootObject = 87413B1E2B60C999003068CD /* Project object */;
}
