// !$*UTF8*$!
{
	archiveVersion = 1;
	classes = {
	};
	objectVersion = 56;
	objects = {

/* Begin PBXBuildFile section */
		874F0D9F2BB46F4C00BA49E0 /* AppDelegate.swift in Sources */ = {isa = PBXBuildFile; fileRef = 874F0D9E2BB46F4C00BA49E0 /* AppDelegate.swift */; };
		874F0DA12BB46F4C00BA49E0 /* SceneDelegate.swift in Sources */ = {isa = PBXBuildFile; fileRef = 874F0DA02BB46F4C00BA49E0 /* SceneDelegate.swift */; };
		874F0DA32BB46F4C00BA49E0 /* LoginViewController.swift in Sources */ = {isa = PBXBuildFile; fileRef = 874F0DA22BB46F4C00BA49E0 /* LoginViewController.swift */; };
		874F0DA82BB46F4D00BA49E0 /* Assets.xcassets in Resources */ = {isa = PBXBuildFile; fileRef = 874F0DA72BB46F4D00BA49E0 /* Assets.xcassets */; };
		874F0DAB2BB46F4D00BA49E0 /* LaunchScreen.storyboard in Resources */ = {isa = PBXBuildFile; fileRef = 874F0DA92BB46F4D00BA49E0 /* LaunchScreen.storyboard */; };
		874F0DB72BB47BA100BA49E0 /* LoginView.swift in Sources */ = {isa = PBXBuildFile; fileRef = 874F0DB62BB47BA100BA49E0 /* LoginView.swift */; };
		874F0DBA2BB8884100BA49E0 /* OnboardingContainerViewController.swift in Sources */ = {isa = PBXBuildFile; fileRef = 874F0DB92BB8884100BA49E0 /* OnboardingContainerViewController.swift */; };
		874F0DBC2BB93B1E00BA49E0 /* OnboardingViewController.swift in Sources */ = {isa = PBXBuildFile; fileRef = 874F0DBB2BB93B1E00BA49E0 /* OnboardingViewController.swift */; };
		874F0DBE2BB9D03000BA49E0 /* DummyViewController.swift in Sources */ = {isa = PBXBuildFile; fileRef = 874F0DBD2BB9D03000BA49E0 /* DummyViewController.swift */; };
		874F0DC12BB9D82600BA49E0 /* LocalState.swift in Sources */ = {isa = PBXBuildFile; fileRef = 874F0DC02BB9D82600BA49E0 /* LocalState.swift */; };
		874F0DC32BBA7BB500BA49E0 /* UIViewController+Utils.swift in Sources */ = {isa = PBXBuildFile; fileRef = 874F0DC22BBA7BB500BA49E0 /* UIViewController+Utils.swift */; };
		874F0DC52BBA8A7B00BA49E0 /* MainViewController.swift in Sources */ = {isa = PBXBuildFile; fileRef = 874F0DC42BBA8A7B00BA49E0 /* MainViewController.swift */; };
		874F0DC82BBABA2000BA49E0 /* AccountSummaryViewController.swift in Sources */ = {isa = PBXBuildFile; fileRef = 874F0DC72BBABA2000BA49E0 /* AccountSummaryViewController.swift */; };
		874F0DCA2BBAECCA00BA49E0 /* AccountSummaryHeaderView.swift in Sources */ = {isa = PBXBuildFile; fileRef = 874F0DC92BBAECCA00BA49E0 /* AccountSummaryHeaderView.swift */; };
		874F0DCC2BBAED0400BA49E0 /* AccountSummaryHeaderView.xib in Resources */ = {isa = PBXBuildFile; fileRef = 874F0DCB2BBAED0400BA49E0 /* AccountSummaryHeaderView.xib */; };
		874F0DD02BBBB78B00BA49E0 /* AccountSummaryCell.swift in Sources */ = {isa = PBXBuildFile; fileRef = 874F0DCF2BBBB78B00BA49E0 /* AccountSummaryCell.swift */; };
		874F0DD22BBC0DED00BA49E0 /* Decimal+Util.swift in Sources */ = {isa = PBXBuildFile; fileRef = 874F0DD12BBC0DED00BA49E0 /* Decimal+Util.swift */; };
		874F0DD42BBC0E4600BA49E0 /* CurrencyFormatter.swift in Sources */ = {isa = PBXBuildFile; fileRef = 874F0DD32BBC0E4600BA49E0 /* CurrencyFormatter.swift */; };
		874F0DE32BBC403600BA49E0 /* CurrencyFormatterTest.swift in Sources */ = {isa = PBXBuildFile; fileRef = 874F0DE22BBC403600BA49E0 /* CurrencyFormatterTest.swift */; };
		874F0DE52BC66E3700BA49E0 /* NSNotificationName.swift in Sources */ = {isa = PBXBuildFile; fileRef = 874F0DE42BC66E3700BA49E0 /* NSNotificationName.swift */; };
		874F0DE72BC67D6D00BA49E0 /* UITextField+SecureToggle.swift in Sources */ = {isa = PBXBuildFile; fileRef = 874F0DE62BC67D6D00BA49E0 /* UITextField+SecureToggle.swift */; };
		874F0DEA2BC6D44400BA49E0 /* ShakeyBellView.swift in Sources */ = {isa = PBXBuildFile; fileRef = 874F0DE92BC6D44400BA49E0 /* ShakeyBellView.swift */; };
		874F0DEC2BC8452900BA49E0 /* Date+Utils.swift in Sources */ = {isa = PBXBuildFile; fileRef = 874F0DEB2BC8452900BA49E0 /* Date+Utils.swift */; };
		874F0DEE2BC848C000BA49E0 /* AccountSummaryViewController+Networking.swift in Sources */ = {isa = PBXBuildFile; fileRef = 874F0DED2BC848C000BA49E0 /* AccountSummaryViewController+Networking.swift */; };
		874F0DF22BC9829C00BA49E0 /* ProfileTests.swift in Sources */ = {isa = PBXBuildFile; fileRef = 874F0DF12BC9829C00BA49E0 /* ProfileTests.swift */; };
		874F0DF42BC98A6900BA49E0 /* AccountTests.swift in Sources */ = {isa = PBXBuildFile; fileRef = 874F0DF32BC98A6900BA49E0 /* AccountTests.swift */; };
/* End PBXBuildFile section */

/* Begin PBXContainerItemProxy section */
		874F0DDD2BBC3F3C00BA49E0 /* PBXContainerItemProxy */ = {
			isa = PBXContainerItemProxy;
			containerPortal = 874F0D932BB46F4C00BA49E0 /* Project object */;
			proxyType = 1;
			remoteGlobalIDString = 874F0D9A2BB46F4C00BA49E0;
			remoteInfo = Bankey;
		};
/* End PBXContainerItemProxy section */

/* Begin PBXFileReference section */
		874F0D9B2BB46F4C00BA49E0 /* Bankey.app */ = {isa = PBXFileReference; explicitFileType = wrapper.application; includeInIndex = 0; path = Bankey.app; sourceTree = BUILT_PRODUCTS_DIR; };
		874F0D9E2BB46F4C00BA49E0 /* AppDelegate.swift */ = {isa = PBXFileReference; lastKnownFileType = sourcecode.swift; path = AppDelegate.swift; sourceTree = "<group>"; };
		874F0DA02BB46F4C00BA49E0 /* SceneDelegate.swift */ = {isa = PBXFileReference; lastKnownFileType = sourcecode.swift; path = SceneDelegate.swift; sourceTree = "<group>"; };
		874F0DA22BB46F4C00BA49E0 /* LoginViewController.swift */ = {isa = PBXFileReference; lastKnownFileType = sourcecode.swift; path = LoginViewController.swift; sourceTree = "<group>"; };
		874F0DA72BB46F4D00BA49E0 /* Assets.xcassets */ = {isa = PBXFileReference; lastKnownFileType = folder.assetcatalog; path = Assets.xcassets; sourceTree = "<group>"; };
		874F0DAA2BB46F4D00BA49E0 /* Base */ = {isa = PBXFileReference; lastKnownFileType = file.storyboard; name = Base; path = Base.lproj/LaunchScreen.storyboard; sourceTree = "<group>"; };
		874F0DAC2BB46F4D00BA49E0 /* Info.plist */ = {isa = PBXFileReference; lastKnownFileType = text.plist.xml; path = Info.plist; sourceTree = "<group>"; };
		874F0DB62BB47BA100BA49E0 /* LoginView.swift */ = {isa = PBXFileReference; lastKnownFileType = sourcecode.swift; path = LoginView.swift; sourceTree = "<group>"; };
		874F0DB92BB8884100BA49E0 /* OnboardingContainerViewController.swift */ = {isa = PBXFileReference; lastKnownFileType = sourcecode.swift; path = OnboardingContainerViewController.swift; sourceTree = "<group>"; };
		874F0DBB2BB93B1E00BA49E0 /* OnboardingViewController.swift */ = {isa = PBXFileReference; lastKnownFileType = sourcecode.swift; path = OnboardingViewController.swift; sourceTree = "<group>"; };
		874F0DBD2BB9D03000BA49E0 /* DummyViewController.swift */ = {isa = PBXFileReference; lastKnownFileType = sourcecode.swift; path = DummyViewController.swift; sourceTree = "<group>"; };
		874F0DC02BB9D82600BA49E0 /* LocalState.swift */ = {isa = PBXFileReference; lastKnownFileType = sourcecode.swift; path = LocalState.swift; sourceTree = "<group>"; };
		874F0DC22BBA7BB500BA49E0 /* UIViewController+Utils.swift */ = {isa = PBXFileReference; lastKnownFileType = sourcecode.swift; path = "UIViewController+Utils.swift"; sourceTree = "<group>"; };
		874F0DC42BBA8A7B00BA49E0 /* MainViewController.swift */ = {isa = PBXFileReference; lastKnownFileType = sourcecode.swift; path = MainViewController.swift; sourceTree = "<group>"; };
		874F0DC72BBABA2000BA49E0 /* AccountSummaryViewController.swift */ = {isa = PBXFileReference; lastKnownFileType = sourcecode.swift; path = AccountSummaryViewController.swift; sourceTree = "<group>"; };
		874F0DC92BBAECCA00BA49E0 /* AccountSummaryHeaderView.swift */ = {isa = PBXFileReference; lastKnownFileType = sourcecode.swift; path = AccountSummaryHeaderView.swift; sourceTree = "<group>"; };
		874F0DCB2BBAED0400BA49E0 /* AccountSummaryHeaderView.xib */ = {isa = PBXFileReference; lastKnownFileType = file.xib; path = AccountSummaryHeaderView.xib; sourceTree = "<group>"; };
		874F0DCF2BBBB78B00BA49E0 /* AccountSummaryCell.swift */ = {isa = PBXFileReference; lastKnownFileType = sourcecode.swift; path = AccountSummaryCell.swift; sourceTree = "<group>"; };
		874F0DD12BBC0DED00BA49E0 /* Decimal+Util.swift */ = {isa = PBXFileReference; lastKnownFileType = sourcecode.swift; path = "Decimal+Util.swift"; sourceTree = "<group>"; };
		874F0DD32BBC0E4600BA49E0 /* CurrencyFormatter.swift */ = {isa = PBXFileReference; lastKnownFileType = sourcecode.swift; path = CurrencyFormatter.swift; sourceTree = "<group>"; };
		874F0DD92BBC3F3C00BA49E0 /* BankeyUnitTests.xctest */ = {isa = PBXFileReference; explicitFileType = wrapper.cfbundle; includeInIndex = 0; path = BankeyUnitTests.xctest; sourceTree = BUILT_PRODUCTS_DIR; };
		874F0DE22BBC403600BA49E0 /* CurrencyFormatterTest.swift */ = {isa = PBXFileReference; lastKnownFileType = sourcecode.swift; path = CurrencyFormatterTest.swift; sourceTree = "<group>"; };
		874F0DE42BC66E3700BA49E0 /* NSNotificationName.swift */ = {isa = PBXFileReference; lastKnownFileType = sourcecode.swift; path = NSNotificationName.swift; sourceTree = "<group>"; };
		874F0DE62BC67D6D00BA49E0 /* UITextField+SecureToggle.swift */ = {isa = PBXFileReference; lastKnownFileType = sourcecode.swift; path = "UITextField+SecureToggle.swift"; sourceTree = "<group>"; };
		874F0DE92BC6D44400BA49E0 /* ShakeyBellView.swift */ = {isa = PBXFileReference; lastKnownFileType = sourcecode.swift; path = ShakeyBellView.swift; sourceTree = "<group>"; };
		874F0DEB2BC8452900BA49E0 /* Date+Utils.swift */ = {isa = PBXFileReference; lastKnownFileType = sourcecode.swift; path = "Date+Utils.swift"; sourceTree = "<group>"; };
		874F0DED2BC848C000BA49E0 /* AccountSummaryViewController+Networking.swift */ = {isa = PBXFileReference; lastKnownFileType = sourcecode.swift; path = "AccountSummaryViewController+Networking.swift"; sourceTree = "<group>"; };
		874F0DF12BC9829C00BA49E0 /* ProfileTests.swift */ = {isa = PBXFileReference; lastKnownFileType = sourcecode.swift; path = ProfileTests.swift; sourceTree = "<group>"; };
		874F0DF32BC98A6900BA49E0 /* AccountTests.swift */ = {isa = PBXFileReference; lastKnownFileType = sourcecode.swift; path = AccountTests.swift; sourceTree = "<group>"; };
/* End PBXFileReference section */

/* Begin PBXFrameworksBuildPhase section */
		874F0D982BB46F4C00BA49E0 /* Frameworks */ = {
			isa = PBXFrameworksBuildPhase;
			buildActionMask = 2147483647;
			files = (
			);
			runOnlyForDeploymentPostprocessing = 0;
		};
		874F0DD62BBC3F3C00BA49E0 /* Frameworks */ = {
			isa = PBXFrameworksBuildPhase;
			buildActionMask = 2147483647;
			files = (
			);
			runOnlyForDeploymentPostprocessing = 0;
		};
/* End PBXFrameworksBuildPhase section */

/* Begin PBXGroup section */
		874F0D922BB46F4C00BA49E0 = {
			isa = PBXGroup;
			children = (
				874F0D9D2BB46F4C00BA49E0 /* Bankey */,
				874F0DDA2BBC3F3C00BA49E0 /* BankeyUnitTests */,
				874F0D9C2BB46F4C00BA49E0 /* Products */,
			);
			sourceTree = "<group>";
		};
		874F0D9C2BB46F4C00BA49E0 /* Products */ = {
			isa = PBXGroup;
			children = (
				874F0D9B2BB46F4C00BA49E0 /* Bankey.app */,
				874F0DD92BBC3F3C00BA49E0 /* BankeyUnitTests.xctest */,
			);
			name = Products;
			sourceTree = "<group>";
		};
		874F0D9D2BB46F4C00BA49E0 /* Bankey */ = {
			isa = PBXGroup;
			children = (
				874F0D9E2BB46F4C00BA49E0 /* AppDelegate.swift */,
				874F0DA02BB46F4C00BA49E0 /* SceneDelegate.swift */,
				874F0DC42BBA8A7B00BA49E0 /* MainViewController.swift */,
				874F0DB52BB47B7100BA49E0 /* Login */,
				874F0DB82BB8881D00BA49E0 /* Onboarding */,
				874F0DC62BBAB9EE00BA49E0 /* AccountSummary */,
				874F0DBF2BB9D81300BA49E0 /* Utils */,
				874F0DE82BC6D40700BA49E0 /* Components */,
				874F0DB42BB47B5400BA49E0 /* Files */,
			);
			path = Bankey;
			sourceTree = "<group>";
		};
		874F0DB42BB47B5400BA49E0 /* Files */ = {
			isa = PBXGroup;
			children = (
				874F0DA72BB46F4D00BA49E0 /* Assets.xcassets */,
				874F0DA92BB46F4D00BA49E0 /* LaunchScreen.storyboard */,
				874F0DAC2BB46F4D00BA49E0 /* Info.plist */,
			);
			name = Files;
			sourceTree = "<group>";
		};
		874F0DB52BB47B7100BA49E0 /* Login */ = {
			isa = PBXGroup;
			children = (
				874F0DA22BB46F4C00BA49E0 /* LoginViewController.swift */,
				874F0DB62BB47BA100BA49E0 /* LoginView.swift */,
				874F0DBD2BB9D03000BA49E0 /* DummyViewController.swift */,
			);
			path = Login;
			sourceTree = "<group>";
		};
		874F0DB82BB8881D00BA49E0 /* Onboarding */ = {
			isa = PBXGroup;
			children = (
				874F0DB92BB8884100BA49E0 /* OnboardingContainerViewController.swift */,
				874F0DBB2BB93B1E00BA49E0 /* OnboardingViewController.swift */,
			);
			path = Onboarding;
			sourceTree = "<group>";
		};
		874F0DBF2BB9D81300BA49E0 /* Utils */ = {
			isa = PBXGroup;
			children = (
				874F0DC02BB9D82600BA49E0 /* LocalState.swift */,
				874F0DC22BBA7BB500BA49E0 /* UIViewController+Utils.swift */,
				874F0DD12BBC0DED00BA49E0 /* Decimal+Util.swift */,
				874F0DD32BBC0E4600BA49E0 /* CurrencyFormatter.swift */,
				874F0DE42BC66E3700BA49E0 /* NSNotificationName.swift */,
				874F0DE62BC67D6D00BA49E0 /* UITextField+SecureToggle.swift */,
				874F0DEB2BC8452900BA49E0 /* Date+Utils.swift */,
			);
			path = Utils;
			sourceTree = "<group>";
		};
		874F0DC62BBAB9EE00BA49E0 /* AccountSummary */ = {
			isa = PBXGroup;
			children = (
				874F0DC72BBABA2000BA49E0 /* AccountSummaryViewController.swift */,
				874F0DCD2BBBB6B600BA49E0 /* Header */,
				874F0DCE2BBBB6CF00BA49E0 /* Cells */,
				874F0DED2BC848C000BA49E0 /* AccountSummaryViewController+Networking.swift */,
			);
			path = AccountSummary;
			sourceTree = "<group>";
		};
		874F0DCD2BBBB6B600BA49E0 /* Header */ = {
			isa = PBXGroup;
			children = (
				874F0DC92BBAECCA00BA49E0 /* AccountSummaryHeaderView.swift */,
				874F0DCB2BBAED0400BA49E0 /* AccountSummaryHeaderView.xib */,
			);
			path = Header;
			sourceTree = "<group>";
		};
		874F0DCE2BBBB6CF00BA49E0 /* Cells */ = {
			isa = PBXGroup;
			children = (
				874F0DCF2BBBB78B00BA49E0 /* AccountSummaryCell.swift */,
			);
			path = Cells;
			sourceTree = "<group>";
		};
		874F0DDA2BBC3F3C00BA49E0 /* BankeyUnitTests */ = {
			isa = PBXGroup;
			children = (
				874F0DF02BC981C700BA49E0 /* AccountSummary */,
				874F0DEF2BC981B500BA49E0 /* Utils */,
			);
			path = BankeyUnitTests;
			sourceTree = "<group>";
		};
		874F0DE82BC6D40700BA49E0 /* Components */ = {
			isa = PBXGroup;
			children = (
				874F0DE92BC6D44400BA49E0 /* ShakeyBellView.swift */,
			);
			path = Components;
			sourceTree = "<group>";
		};
		874F0DEF2BC981B500BA49E0 /* Utils */ = {
			isa = PBXGroup;
			children = (
				874F0DE22BBC403600BA49E0 /* CurrencyFormatterTest.swift */,
			);
			path = Utils;
			sourceTree = "<group>";
		};
		874F0DF02BC981C700BA49E0 /* AccountSummary */ = {
			isa = PBXGroup;
			children = (
				874F0DF12BC9829C00BA49E0 /* ProfileTests.swift */,
				874F0DF32BC98A6900BA49E0 /* AccountTests.swift */,
			);
			path = AccountSummary;
			sourceTree = "<group>";
		};
/* End PBXGroup section */

/* Begin PBXNativeTarget section */
		874F0D9A2BB46F4C00BA49E0 /* Bankey */ = {
			isa = PBXNativeTarget;
			buildConfigurationList = 874F0DAF2BB46F4D00BA49E0 /* Build configuration list for PBXNativeTarget "Bankey" */;
			buildPhases = (
				874F0D972BB46F4C00BA49E0 /* Sources */,
				874F0D982BB46F4C00BA49E0 /* Frameworks */,
				874F0D992BB46F4C00BA49E0 /* Resources */,
			);
			buildRules = (
			);
			dependencies = (
			);
			name = Bankey;
			productName = Bankey;
			productReference = 874F0D9B2BB46F4C00BA49E0 /* Bankey.app */;
			productType = "com.apple.product-type.application";
		};
		874F0DD82BBC3F3C00BA49E0 /* BankeyUnitTests */ = {
			isa = PBXNativeTarget;
			buildConfigurationList = 874F0DDF2BBC3F3C00BA49E0 /* Build configuration list for PBXNativeTarget "BankeyUnitTests" */;
			buildPhases = (
				874F0DD52BBC3F3C00BA49E0 /* Sources */,
				874F0DD62BBC3F3C00BA49E0 /* Frameworks */,
				874F0DD72BBC3F3C00BA49E0 /* Resources */,
			);
			buildRules = (
			);
			dependencies = (
				874F0DDE2BBC3F3C00BA49E0 /* PBXTargetDependency */,
			);
			name = BankeyUnitTests;
			productName = BankeyUnitTests;
			productReference = 874F0DD92BBC3F3C00BA49E0 /* BankeyUnitTests.xctest */;
			productType = "com.apple.product-type.bundle.unit-test";
		};
/* End PBXNativeTarget section */

/* Begin PBXProject section */
		874F0D932BB46F4C00BA49E0 /* Project object */ = {
			isa = PBXProject;
			attributes = {
				BuildIndependentTargetsInParallel = 1;
				LastSwiftUpdateCheck = 1430;
				LastUpgradeCheck = 1430;
				TargetAttributes = {
					874F0D9A2BB46F4C00BA49E0 = {
						CreatedOnToolsVersion = 14.3.1;
					};
					874F0DD82BBC3F3C00BA49E0 = {
						CreatedOnToolsVersion = 14.3.1;
						LastSwiftMigration = 1430;
						TestTargetID = 874F0D9A2BB46F4C00BA49E0;
					};
				};
			};
			buildConfigurationList = 874F0D962BB46F4C00BA49E0 /* Build configuration list for PBXProject "Bankey" */;
			compatibilityVersion = "Xcode 14.0";
			developmentRegion = en;
			hasScannedForEncodings = 0;
			knownRegions = (
				en,
				Base,
			);
			mainGroup = 874F0D922BB46F4C00BA49E0;
			productRefGroup = 874F0D9C2BB46F4C00BA49E0 /* Products */;
			projectDirPath = "";
			projectRoot = "";
			targets = (
				874F0D9A2BB46F4C00BA49E0 /* Bankey */,
				874F0DD82BBC3F3C00BA49E0 /* BankeyUnitTests */,
			);
		};
/* End PBXProject section */

/* Begin PBXResourcesBuildPhase section */
		874F0D992BB46F4C00BA49E0 /* Resources */ = {
			isa = PBXResourcesBuildPhase;
			buildActionMask = 2147483647;
			files = (
				874F0DCC2BBAED0400BA49E0 /* AccountSummaryHeaderView.xib in Resources */,
				874F0DAB2BB46F4D00BA49E0 /* LaunchScreen.storyboard in Resources */,
				874F0DA82BB46F4D00BA49E0 /* Assets.xcassets in Resources */,
			);
			runOnlyForDeploymentPostprocessing = 0;
		};
		874F0DD72BBC3F3C00BA49E0 /* Resources */ = {
			isa = PBXResourcesBuildPhase;
			buildActionMask = 2147483647;
			files = (
			);
			runOnlyForDeploymentPostprocessing = 0;
		};
/* End PBXResourcesBuildPhase section */

/* Begin PBXSourcesBuildPhase section */
		874F0D972BB46F4C00BA49E0 /* Sources */ = {
			isa = PBXSourcesBuildPhase;
			buildActionMask = 2147483647;
			files = (
				874F0DEA2BC6D44400BA49E0 /* ShakeyBellView.swift in Sources */,
				874F0DEE2BC848C000BA49E0 /* AccountSummaryViewController+Networking.swift in Sources */,
				874F0DCA2BBAECCA00BA49E0 /* AccountSummaryHeaderView.swift in Sources */,
				874F0DD02BBBB78B00BA49E0 /* AccountSummaryCell.swift in Sources */,
				874F0DBE2BB9D03000BA49E0 /* DummyViewController.swift in Sources */,
				874F0DA32BB46F4C00BA49E0 /* LoginViewController.swift in Sources */,
				874F0DD42BBC0E4600BA49E0 /* CurrencyFormatter.swift in Sources */,
				874F0DC32BBA7BB500BA49E0 /* UIViewController+Utils.swift in Sources */,
				874F0DBC2BB93B1E00BA49E0 /* OnboardingViewController.swift in Sources */,
				874F0D9F2BB46F4C00BA49E0 /* AppDelegate.swift in Sources */,
				874F0DB72BB47BA100BA49E0 /* LoginView.swift in Sources */,
				874F0DBA2BB8884100BA49E0 /* OnboardingContainerViewController.swift in Sources */,
				874F0DA12BB46F4C00BA49E0 /* SceneDelegate.swift in Sources */,
				874F0DC82BBABA2000BA49E0 /* AccountSummaryViewController.swift in Sources */,
				874F0DE52BC66E3700BA49E0 /* NSNotificationName.swift in Sources */,
				874F0DE72BC67D6D00BA49E0 /* UITextField+SecureToggle.swift in Sources */,
				874F0DD22BBC0DED00BA49E0 /* Decimal+Util.swift in Sources */,
				874F0DC12BB9D82600BA49E0 /* LocalState.swift in Sources */,
				874F0DC52BBA8A7B00BA49E0 /* MainViewController.swift in Sources */,
				874F0DEC2BC8452900BA49E0 /* Date+Utils.swift in Sources */,
			);
			runOnlyForDeploymentPostprocessing = 0;
		};
		874F0DD52BBC3F3C00BA49E0 /* Sources */ = {
			isa = PBXSourcesBuildPhase;
			buildActionMask = 2147483647;
			files = (
				874F0DE32BBC403600BA49E0 /* CurrencyFormatterTest.swift in Sources */,
				874F0DF42BC98A6900BA49E0 /* AccountTests.swift in Sources */,
				874F0DF22BC9829C00BA49E0 /* ProfileTests.swift in Sources */,
			);
			runOnlyForDeploymentPostprocessing = 0;
		};
/* End PBXSourcesBuildPhase section */

/* Begin PBXTargetDependency section */
		874F0DDE2BBC3F3C00BA49E0 /* PBXTargetDependency */ = {
			isa = PBXTargetDependency;
			target = 874F0D9A2BB46F4C00BA49E0 /* Bankey */;
			targetProxy = 874F0DDD2BBC3F3C00BA49E0 /* PBXContainerItemProxy */;
		};
/* End PBXTargetDependency section */

/* Begin PBXVariantGroup section */
		874F0DA92BB46F4D00BA49E0 /* LaunchScreen.storyboard */ = {
			isa = PBXVariantGroup;
			children = (
				874F0DAA2BB46F4D00BA49E0 /* Base */,
			);
			name = LaunchScreen.storyboard;
			sourceTree = "<group>";
		};
/* End PBXVariantGroup section */

/* Begin XCBuildConfiguration section */
		874F0DAD2BB46F4D00BA49E0 /* Debug */ = {
			isa = XCBuildConfiguration;
			buildSettings = {
				ALWAYS_SEARCH_USER_PATHS = NO;
				CLANG_ANALYZER_NONNULL = YES;
				CLANG_ANALYZER_NUMBER_OBJECT_CONVERSION = YES_AGGRESSIVE;
				CLANG_CXX_LANGUAGE_STANDARD = "gnu++20";
				CLANG_ENABLE_MODULES = YES;
				CLANG_ENABLE_OBJC_ARC = YES;
				CLANG_ENABLE_OBJC_WEAK = YES;
				CLANG_WARN_BLOCK_CAPTURE_AUTORELEASING = YES;
				CLANG_WARN_BOOL_CONVERSION = YES;
				CLANG_WARN_COMMA = YES;
				CLANG_WARN_CONSTANT_CONVERSION = YES;
				CLANG_WARN_DEPRECATED_OBJC_IMPLEMENTATIONS = YES;
				CLANG_WARN_DIRECT_OBJC_ISA_USAGE = YES_ERROR;
				CLANG_WARN_DOCUMENTATION_COMMENTS = YES;
				CLANG_WARN_EMPTY_BODY = YES;
				CLANG_WARN_ENUM_CONVERSION = YES;
				CLANG_WARN_INFINITE_RECURSION = YES;
				CLANG_WARN_INT_CONVERSION = YES;
				CLANG_WARN_NON_LITERAL_NULL_CONVERSION = YES;
				CLANG_WARN_OBJC_IMPLICIT_RETAIN_SELF = YES;
				CLANG_WARN_OBJC_LITERAL_CONVERSION = YES;
				CLANG_WARN_OBJC_ROOT_CLASS = YES_ERROR;
				CLANG_WARN_QUOTED_INCLUDE_IN_FRAMEWORK_HEADER = YES;
				CLANG_WARN_RANGE_LOOP_ANALYSIS = YES;
				CLANG_WARN_STRICT_PROTOTYPES = YES;
				CLANG_WARN_SUSPICIOUS_MOVE = YES;
				CLANG_WARN_UNGUARDED_AVAILABILITY = YES_AGGRESSIVE;
				CLANG_WARN_UNREACHABLE_CODE = YES;
				CLANG_WARN__DUPLICATE_METHOD_MATCH = YES;
				COPY_PHASE_STRIP = NO;
				DEBUG_INFORMATION_FORMAT = dwarf;
				ENABLE_STRICT_OBJC_MSGSEND = YES;
				ENABLE_TESTABILITY = YES;
				GCC_C_LANGUAGE_STANDARD = gnu11;
				GCC_DYNAMIC_NO_PIC = NO;
				GCC_NO_COMMON_BLOCKS = YES;
				GCC_OPTIMIZATION_LEVEL = 0;
				GCC_PREPROCESSOR_DEFINITIONS = (
					"DEBUG=1",
					"$(inherited)",
				);
				GCC_WARN_64_TO_32_BIT_CONVERSION = YES;
				GCC_WARN_ABOUT_RETURN_TYPE = YES_ERROR;
				GCC_WARN_UNDECLARED_SELECTOR = YES;
				GCC_WARN_UNINITIALIZED_AUTOS = YES_AGGRESSIVE;
				GCC_WARN_UNUSED_FUNCTION = YES;
				GCC_WARN_UNUSED_VARIABLE = YES;
				IPHONEOS_DEPLOYMENT_TARGET = 15.0;
				MTL_ENABLE_DEBUG_INFO = INCLUDE_SOURCE;
				MTL_FAST_MATH = YES;
				ONLY_ACTIVE_ARCH = YES;
				SDKROOT = iphoneos;
				SWIFT_ACTIVE_COMPILATION_CONDITIONS = DEBUG;
				SWIFT_OPTIMIZATION_LEVEL = "-Onone";
			};
			name = Debug;
		};
		874F0DAE2BB46F4D00BA49E0 /* Release */ = {
			isa = XCBuildConfiguration;
			buildSettings = {
				ALWAYS_SEARCH_USER_PATHS = NO;
				CLANG_ANALYZER_NONNULL = YES;
				CLANG_ANALYZER_NUMBER_OBJECT_CONVERSION = YES_AGGRESSIVE;
				CLANG_CXX_LANGUAGE_STANDARD = "gnu++20";
				CLANG_ENABLE_MODULES = YES;
				CLANG_ENABLE_OBJC_ARC = YES;
				CLANG_ENABLE_OBJC_WEAK = YES;
				CLANG_WARN_BLOCK_CAPTURE_AUTORELEASING = YES;
				CLANG_WARN_BOOL_CONVERSION = YES;
				CLANG_WARN_COMMA = YES;
				CLANG_WARN_CONSTANT_CONVERSION = YES;
				CLANG_WARN_DEPRECATED_OBJC_IMPLEMENTATIONS = YES;
				CLANG_WARN_DIRECT_OBJC_ISA_USAGE = YES_ERROR;
				CLANG_WARN_DOCUMENTATION_COMMENTS = YES;
				CLANG_WARN_EMPTY_BODY = YES;
				CLANG_WARN_ENUM_CONVERSION = YES;
				CLANG_WARN_INFINITE_RECURSION = YES;
				CLANG_WARN_INT_CONVERSION = YES;
				CLANG_WARN_NON_LITERAL_NULL_CONVERSION = YES;
				CLANG_WARN_OBJC_IMPLICIT_RETAIN_SELF = YES;
				CLANG_WARN_OBJC_LITERAL_CONVERSION = YES;
				CLANG_WARN_OBJC_ROOT_CLASS = YES_ERROR;
				CLANG_WARN_QUOTED_INCLUDE_IN_FRAMEWORK_HEADER = YES;
				CLANG_WARN_RANGE_LOOP_ANALYSIS = YES;
				CLANG_WARN_STRICT_PROTOTYPES = YES;
				CLANG_WARN_SUSPICIOUS_MOVE = YES;
				CLANG_WARN_UNGUARDED_AVAILABILITY = YES_AGGRESSIVE;
				CLANG_WARN_UNREACHABLE_CODE = YES;
				CLANG_WARN__DUPLICATE_METHOD_MATCH = YES;
				COPY_PHASE_STRIP = NO;
				DEBUG_INFORMATION_FORMAT = "dwarf-with-dsym";
				ENABLE_NS_ASSERTIONS = NO;
				ENABLE_STRICT_OBJC_MSGSEND = YES;
				GCC_C_LANGUAGE_STANDARD = gnu11;
				GCC_NO_COMMON_BLOCKS = YES;
				GCC_WARN_64_TO_32_BIT_CONVERSION = YES;
				GCC_WARN_ABOUT_RETURN_TYPE = YES_ERROR;
				GCC_WARN_UNDECLARED_SELECTOR = YES;
				GCC_WARN_UNINITIALIZED_AUTOS = YES_AGGRESSIVE;
				GCC_WARN_UNUSED_FUNCTION = YES;
				GCC_WARN_UNUSED_VARIABLE = YES;
				IPHONEOS_DEPLOYMENT_TARGET = 15.0;
				MTL_ENABLE_DEBUG_INFO = NO;
				MTL_FAST_MATH = YES;
				SDKROOT = iphoneos;
				SWIFT_COMPILATION_MODE = wholemodule;
				SWIFT_OPTIMIZATION_LEVEL = "-O";
				VALIDATE_PRODUCT = YES;
			};
			name = Release;
		};
		874F0DB02BB46F4D00BA49E0 /* Debug */ = {
			isa = XCBuildConfiguration;
			buildSettings = {
				ASSETCATALOG_COMPILER_APPICON_NAME = AppIcon;
				ASSETCATALOG_COMPILER_GLOBAL_ACCENT_COLOR_NAME = AccentColor;
				CODE_SIGN_STYLE = Automatic;
				CURRENT_PROJECT_VERSION = 1;
				DEVELOPMENT_TEAM = V295X7TJF4;
				GENERATE_INFOPLIST_FILE = YES;
				INFOPLIST_FILE = Bankey/Info.plist;
				INFOPLIST_KEY_UIApplicationSupportsIndirectInputEvents = YES;
				INFOPLIST_KEY_UILaunchStoryboardName = LaunchScreen;
				INFOPLIST_KEY_UISupportedInterfaceOrientations_iPad = "UIInterfaceOrientationPortrait UIInterfaceOrientationPortraitUpsideDown UIInterfaceOrientationLandscapeLeft UIInterfaceOrientationLandscapeRight";
				INFOPLIST_KEY_UISupportedInterfaceOrientations_iPhone = "UIInterfaceOrientationPortrait UIInterfaceOrientationLandscapeLeft UIInterfaceOrientationLandscapeRight";
				LD_RUNPATH_SEARCH_PATHS = (
					"$(inherited)",
					"@executable_path/Frameworks",
				);
				MARKETING_VERSION = 1.0;
				PRODUCT_BUNDLE_IDENTIFIER = com.ajin.Bankey;
				PRODUCT_NAME = "$(TARGET_NAME)";
				SWIFT_EMIT_LOC_STRINGS = YES;
				SWIFT_VERSION = 5.0;
				TARGETED_DEVICE_FAMILY = "1,2";
			};
			name = Debug;
		};
		874F0DB12BB46F4D00BA49E0 /* Release */ = {
			isa = XCBuildConfiguration;
			buildSettings = {
				ASSETCATALOG_COMPILER_APPICON_NAME = AppIcon;
				ASSETCATALOG_COMPILER_GLOBAL_ACCENT_COLOR_NAME = AccentColor;
				CODE_SIGN_STYLE = Automatic;
				CURRENT_PROJECT_VERSION = 1;
				DEVELOPMENT_TEAM = V295X7TJF4;
				GENERATE_INFOPLIST_FILE = YES;
				INFOPLIST_FILE = Bankey/Info.plist;
				INFOPLIST_KEY_UIApplicationSupportsIndirectInputEvents = YES;
				INFOPLIST_KEY_UILaunchStoryboardName = LaunchScreen;
				INFOPLIST_KEY_UISupportedInterfaceOrientations_iPad = "UIInterfaceOrientationPortrait UIInterfaceOrientationPortraitUpsideDown UIInterfaceOrientationLandscapeLeft UIInterfaceOrientationLandscapeRight";
				INFOPLIST_KEY_UISupportedInterfaceOrientations_iPhone = "UIInterfaceOrientationPortrait UIInterfaceOrientationLandscapeLeft UIInterfaceOrientationLandscapeRight";
				LD_RUNPATH_SEARCH_PATHS = (
					"$(inherited)",
					"@executable_path/Frameworks",
				);
				MARKETING_VERSION = 1.0;
				PRODUCT_BUNDLE_IDENTIFIER = com.ajin.Bankey;
				PRODUCT_NAME = "$(TARGET_NAME)";
				SWIFT_EMIT_LOC_STRINGS = YES;
				SWIFT_VERSION = 5.0;
				TARGETED_DEVICE_FAMILY = "1,2";
			};
			name = Release;
		};
		874F0DE02BBC3F3C00BA49E0 /* Debug */ = {
			isa = XCBuildConfiguration;
			buildSettings = {
				BUNDLE_LOADER = "$(TEST_HOST)";
				CLANG_ENABLE_MODULES = YES;
				CODE_SIGN_STYLE = Automatic;
				CURRENT_PROJECT_VERSION = 1;
				DEVELOPMENT_TEAM = V295X7TJF4;
				GENERATE_INFOPLIST_FILE = YES;
				MARKETING_VERSION = 1.0;
				PRODUCT_BUNDLE_IDENTIFIER = com.ajin.BankeyUnitTests;
				PRODUCT_NAME = "$(TARGET_NAME)";
				SWIFT_EMIT_LOC_STRINGS = NO;
				SWIFT_OPTIMIZATION_LEVEL = "-Onone";
				SWIFT_VERSION = 5.0;
				TARGETED_DEVICE_FAMILY = "1,2";
				TEST_HOST = "$(BUILT_PRODUCTS_DIR)/Bankey.app/$(BUNDLE_EXECUTABLE_FOLDER_PATH)/Bankey";
			};
			name = Debug;
		};
		874F0DE12BBC3F3C00BA49E0 /* Release */ = {
			isa = XCBuildConfiguration;
			buildSettings = {
				BUNDLE_LOADER = "$(TEST_HOST)";
				CLANG_ENABLE_MODULES = YES;
				CODE_SIGN_STYLE = Automatic;
				CURRENT_PROJECT_VERSION = 1;
				DEVELOPMENT_TEAM = V295X7TJF4;
				GENERATE_INFOPLIST_FILE = YES;
				MARKETING_VERSION = 1.0;
				PRODUCT_BUNDLE_IDENTIFIER = com.ajin.BankeyUnitTests;
				PRODUCT_NAME = "$(TARGET_NAME)";
				SWIFT_EMIT_LOC_STRINGS = NO;
				SWIFT_VERSION = 5.0;
				TARGETED_DEVICE_FAMILY = "1,2";
				TEST_HOST = "$(BUILT_PRODUCTS_DIR)/Bankey.app/$(BUNDLE_EXECUTABLE_FOLDER_PATH)/Bankey";
			};
			name = Release;
		};
/* End XCBuildConfiguration section */

/* Begin XCConfigurationList section */
		874F0D962BB46F4C00BA49E0 /* Build configuration list for PBXProject "Bankey" */ = {
			isa = XCConfigurationList;
			buildConfigurations = (
				874F0DAD2BB46F4D00BA49E0 /* Debug */,
				874F0DAE2BB46F4D00BA49E0 /* Release */,
			);
			defaultConfigurationIsVisible = 0;
			defaultConfigurationName = Release;
		};
		874F0DAF2BB46F4D00BA49E0 /* Build configuration list for PBXNativeTarget "Bankey" */ = {
			isa = XCConfigurationList;
			buildConfigurations = (
				874F0DB02BB46F4D00BA49E0 /* Debug */,
				874F0DB12BB46F4D00BA49E0 /* Release */,
			);
			defaultConfigurationIsVisible = 0;
			defaultConfigurationName = Release;
		};
		874F0DDF2BBC3F3C00BA49E0 /* Build configuration list for PBXNativeTarget "BankeyUnitTests" */ = {
			isa = XCConfigurationList;
			buildConfigurations = (
				874F0DE02BBC3F3C00BA49E0 /* Debug */,
				874F0DE12BBC3F3C00BA49E0 /* Release */,
			);
			defaultConfigurationIsVisible = 0;
			defaultConfigurationName = Release;
		};
/* End XCConfigurationList section */
	};
	rootObject = 874F0D932BB46F4C00BA49E0 /* Project object */;
}
